
Microsoft Visual Studio Solution File, Format Version 12.00
# Visual Studio Version 17
VisualStudioVersion = 17.5.33424.131
MinimumVisualStudioVersion = 10.0.40219.1
Project("{8BC9CEB8-8B4A-11D0-8D11-00A0C91BC942}") = "ActivityStructure", "ActivityStructure\ActivityStructure.vcxproj", "{E7BA5A5A-8D06-4998-8667-9F9C3869B037}"
EndProject
Project("{8BC9CEB8-8B4A-11D0-8D11-00A0C91BC942}") = "ActivityStructure2", "ActivityStructure2\ActivityStructure2.vcxproj", "{8338C77B-8948-4E4C-9AC3-AFFF7DBA3ABD}"
EndProject
Project("{8BC9CEB8-8B4A-11D0-8D11-00A0C91BC942}") = "ActivityStructture3", "ActivityStructture3\ActivityStructture3.vcxproj", "{1D25C891-8E39-463D-807F-D07BD15E1C31}"
EndProject
Global
	GlobalSection(SolutionConfigurationPlatforms) = preSolution
		Debug|x64 = Debug|x64
		Debug|x86 = Debug|x86
		Release|x64 = Release|x64
		Release|x86 = Release|x86
	EndGlobalSection
	GlobalSection(ProjectConfigurationPlatforms) = postSolution
		{E7BA5A5A-8D06-4998-8667-9F9C3869B037}.Debug|x64.ActiveCfg = Debug|x64
		{E7BA5A5A-8D06-4998-8667-9F9C3869B037}.Debug|x64.Build.0 = Debug|x64
		{E7BA5A5A-8D06-4998-8667-9F9C3869B037}.Debug|x86.ActiveCfg = Debug|Win32
		{E7BA5A5A-8D06-4998-8667-9F9C3869B037}.Debug|x86.Build.0 = Debug|Win32
		{E7BA5A5A-8D06-4998-8667-9F9C3869B037}.Release|x64.ActiveCfg = Release|x64
		{E7BA5A5A-8D06-4998-8667-9F9C3869B037}.Release|x64.Build.0 = Release|x64
		{E7BA5A5A-8D06-4998-8667-9F9C3869B037}.Release|x86.ActiveCfg = Release|Win32
		{E7BA5A5A-8D06-4998-8667-9F9C3869B037}.Release|x86.Build.0 = Release|Win32
		{8338C77B-8948-4E4C-9AC3-AFFF7DBA3ABD}.Debug|x64.ActiveCfg = Debug|x64
		{8338C77B-8948-4E4C-9AC3-AFFF7DBA3ABD}.Debug|x64.Build.0 = Debug|x64
		{8338C77B-8948-4E4C-9AC3-AFFF7DBA3ABD}.Debug|x86.ActiveCfg = Debug|Win32
		{8338C77B-8948-4E4C-9AC3-AFFF7DBA3ABD}.Debug|x86.Build.0 = Debug|Win32
		{8338C77B-8948-4E4C-9AC3-AFFF7DBA3ABD}.Release|x64.ActiveCfg = Release|x64
		{8338C77B-8948-4E4C-9AC3-AFFF7DBA3ABD}.Release|x64.Build.0 = Release|x64
		{8338C77B-8948-4E4C-9AC3-AFFF7DBA3ABD}.Release|x86.ActiveCfg = Release|Win32
		{8338C77B-8948-4E4C-9AC3-AFFF7DBA3ABD}.Release|x86.Build.0 = Release|Win32
		{1D25C891-8E39-463D-807F-D07BD15E1C31}.Debug|x64.ActiveCfg = Debug|x64
		{1D25C891-8E39-463D-807F-D07BD15E1C31}.Debug|x64.Build.0 = Debug|x64
		{1D25C891-8E39-463D-807F-D07BD15E1C31}.Debug|x86.ActiveCfg = Debug|Win32
		{1D25C891-8E39-463D-807F-D07BD15E1C31}.Debug|x86.Build.0 = Debug|Win32
		{1D25C891-8E39-463D-807F-D07BD15E1C31}.Release|x64.ActiveCfg = Release|x64
		{1D25C891-8E39-463D-807F-D07BD15E1C31}.Release|x64.Build.0 = Release|x64
		{1D25C891-8E39-463D-807F-D07BD15E1C31}.Release|x86.ActiveCfg = Release|Win32
		{1D25C891-8E39-463D-807F-D07BD15E1C31}.Release|x86.Build.0 = Release|Win32
	EndGlobalSection
	GlobalSection(SolutionProperties) = preSolution
		HideSolutionNode = FALSE
	EndGlobalSection
	GlobalSection(ExtensibilityGlobals) = postSolution
		SolutionGuid = {4748F53C-1229-4FD1-966F-C20BE3E542DC}
	EndGlobalSection
EndGlobal
